
Microsoft Visual Studio Solution File, Format Version 12.00
# Visual Studio Version 17
VisualStudioVersion = 17.5.002.0
MinimumVisualStudioVersion = 10.0.40219.1
Project("{2150E333-8FDC-42A3-9474-1A3956D46DE8}") = "Dados_listas_.net_c#", "Dados_listas_.net_c#", "{3A88560C-6D35-4CFD-8190-98A746E84687}"
EndProject
Project("{9A19103F-16F7-4668-BE54-9A1E7A4F7556}") = "Propriedades", "Dados_listas_.net_c#\Propriedades\Propriedades.csproj", "{6C050107-B184-478B-A7F6-D9013F3E41F7}"
EndProject
Project("{2150E333-8FDC-42A3-9474-1A3956D46DE8}") = "Sintaxe_basica_.net_c#", "Sintaxe_basica_.net_c#", "{76A5DEF7-4FF3-47D2-8AF2-C2B108611043}"
EndProject
Project("{9A19103F-16F7-4668-BE54-9A1E7A4F7556}") = "Array_listas", "Sintaxe_basica_.net_c#\Array_listas\Array_listas.csproj", "{7B0286EA-6A33-4365-B814-89647AFC847B}"
EndProject
Project("{9A19103F-16F7-4668-BE54-9A1E7A4F7556}") = "Estruturas_de_repetição", "Sintaxe_basica_.net_c#\Estruturas_de_repetição\Estruturas_de_repetição.csproj", "{38F65D97-8163-40BC-966F-3479B3D7EF70}"
EndProject
Project("{9A19103F-16F7-4668-BE54-9A1E7A4F7556}") = "Operadores_Aritmeticos", "Sintaxe_basica_.net_c#\Operadores_Aritmeticos\Operadores_Aritmeticos.csproj", "{AF6D6318-3B68-416E-AA0D-0026246B448D}"
EndProject
Project("{9A19103F-16F7-4668-BE54-9A1E7A4F7556}") = "Organização_programa", "Sintaxe_basica_.net_c#\Organização_programa\Organização_programa.csproj", "{6C944AB9-ABCA-4BA5-ADBD-B426631B92D7}"
EndProject
Project("{9A19103F-16F7-4668-BE54-9A1E7A4F7556}") = "Sintaxe_indentação_c#", "Sintaxe_basica_.net_c#\Sintaxe_indentação_c#\Sintaxe_indentação_c#.csproj", "{ED9A473D-39E6-4A55-B660-9750E04F6EDB}"
EndProject
Project("{9A19103F-16F7-4668-BE54-9A1E7A4F7556}") = "Tipos_operadores", "Sintaxe_basica_.net_c#\Tipos_operadores\Tipos_operadores.csproj", "{7192D300-686D-4F93-AE41-021D1A6392DE}"
EndProject
Global
	GlobalSection(SolutionConfigurationPlatforms) = preSolution
		Debug|Any CPU = Debug|Any CPU
		Release|Any CPU = Release|Any CPU
	EndGlobalSection
	GlobalSection(ProjectConfigurationPlatforms) = postSolution
		{6C050107-B184-478B-A7F6-D9013F3E41F7}.Debug|Any CPU.ActiveCfg = Debug|Any CPU
		{6C050107-B184-478B-A7F6-D9013F3E41F7}.Debug|Any CPU.Build.0 = Debug|Any CPU
		{6C050107-B184-478B-A7F6-D9013F3E41F7}.Release|Any CPU.ActiveCfg = Release|Any CPU
		{6C050107-B184-478B-A7F6-D9013F3E41F7}.Release|Any CPU.Build.0 = Release|Any CPU
		{7B0286EA-6A33-4365-B814-89647AFC847B}.Debug|Any CPU.ActiveCfg = Debug|Any CPU
		{7B0286EA-6A33-4365-B814-89647AFC847B}.Debug|Any CPU.Build.0 = Debug|Any CPU
		{7B0286EA-6A33-4365-B814-89647AFC847B}.Release|Any CPU.ActiveCfg = Release|Any CPU
		{7B0286EA-6A33-4365-B814-89647AFC847B}.Release|Any CPU.Build.0 = Release|Any CPU
		{38F65D97-8163-40BC-966F-3479B3D7EF70}.Debug|Any CPU.ActiveCfg = Debug|Any CPU
		{38F65D97-8163-40BC-966F-3479B3D7EF70}.Debug|Any CPU.Build.0 = Debug|Any CPU
		{38F65D97-8163-40BC-966F-3479B3D7EF70}.Release|Any CPU.ActiveCfg = Release|Any CPU
		{38F65D97-8163-40BC-966F-3479B3D7EF70}.Release|Any CPU.Build.0 = Release|Any CPU
		{AF6D6318-3B68-416E-AA0D-0026246B448D}.Debug|Any CPU.ActiveCfg = Debug|Any CPU
		{AF6D6318-3B68-416E-AA0D-0026246B448D}.Debug|Any CPU.Build.0 = Debug|Any CPU
		{AF6D6318-3B68-416E-AA0D-0026246B448D}.Release|Any CPU.ActiveCfg = Release|Any CPU
		{AF6D6318-3B68-416E-AA0D-0026246B448D}.Release|Any CPU.Build.0 = Release|Any CPU
		{6C944AB9-ABCA-4BA5-ADBD-B426631B92D7}.Debug|Any CPU.ActiveCfg = Debug|Any CPU
		{6C944AB9-ABCA-4BA5-ADBD-B426631B92D7}.Debug|Any CPU.Build.0 = Debug|Any CPU
		{6C944AB9-ABCA-4BA5-ADBD-B426631B92D7}.Release|Any CPU.ActiveCfg = Release|Any CPU
		{6C944AB9-ABCA-4BA5-ADBD-B426631B92D7}.Release|Any CPU.Build.0 = Release|Any CPU
		{ED9A473D-39E6-4A55-B660-9750E04F6EDB}.Debug|Any CPU.ActiveCfg = Debug|Any CPU
		{ED9A473D-39E6-4A55-B660-9750E04F6EDB}.Debug|Any CPU.Build.0 = Debug|Any CPU
		{ED9A473D-39E6-4A55-B660-9750E04F6EDB}.Release|Any CPU.ActiveCfg = Release|Any CPU
		{ED9A473D-39E6-4A55-B660-9750E04F6EDB}.Release|Any CPU.Build.0 = Release|Any CPU
		{7192D300-686D-4F93-AE41-021D1A6392DE}.Debug|Any CPU.ActiveCfg = Debug|Any CPU
		{7192D300-686D-4F93-AE41-021D1A6392DE}.Debug|Any CPU.Build.0 = Debug|Any CPU
		{7192D300-686D-4F93-AE41-021D1A6392DE}.Release|Any CPU.ActiveCfg = Release|Any CPU
		{7192D300-686D-4F93-AE41-021D1A6392DE}.Release|Any CPU.Build.0 = Release|Any CPU
	EndGlobalSection
	GlobalSection(SolutionProperties) = preSolution
		HideSolutionNode = FALSE
	EndGlobalSection
	GlobalSection(NestedProjects) = preSolution
		{6C050107-B184-478B-A7F6-D9013F3E41F7} = {3A88560C-6D35-4CFD-8190-98A746E84687}
		{7B0286EA-6A33-4365-B814-89647AFC847B} = {76A5DEF7-4FF3-47D2-8AF2-C2B108611043}
		{38F65D97-8163-40BC-966F-3479B3D7EF70} = {76A5DEF7-4FF3-47D2-8AF2-C2B108611043}
		{AF6D6318-3B68-416E-AA0D-0026246B448D} = {76A5DEF7-4FF3-47D2-8AF2-C2B108611043}
		{6C944AB9-ABCA-4BA5-ADBD-B426631B92D7} = {76A5DEF7-4FF3-47D2-8AF2-C2B108611043}
		{ED9A473D-39E6-4A55-B660-9750E04F6EDB} = {76A5DEF7-4FF3-47D2-8AF2-C2B108611043}
		{7192D300-686D-4F93-AE41-021D1A6392DE} = {76A5DEF7-4FF3-47D2-8AF2-C2B108611043}
	EndGlobalSection
	GlobalSection(ExtensibilityGlobals) = postSolution
		SolutionGuid = {2B36EE27-F5BD-4568-8D11-D0C0AF8A58B4}
	EndGlobalSection
EndGlobal
