
Microsoft Visual Studio Solution File, Format Version 12.00
# Visual Studio Version 17
VisualStudioVersion = 17.5.002.0
MinimumVisualStudioVersion = 10.0.40219.1
Project("{2150E333-8FDC-42A3-9474-1A3956D46DE8}") = "Sintaxe_basica_.net_c#", "Sintaxe_basica_.net_c#", "{689B1A88-BC03-42D6-84B3-ED58D16EE3CE}"
EndProject
Project("{9A19103F-16F7-4668-BE54-9A1E7A4F7556}") = "Estruturas_de_repetição", "Sintaxe_basica_.net_c#\Estruturas_de_repetição\Estruturas_de_repetição.csproj", "{5FF11637-0AA4-47E7-B80F-7579CDACF127}"
EndProject
Project("{9A19103F-16F7-4668-BE54-9A1E7A4F7556}") = "Operadores_Aritmeticos", "Sintaxe_basica_.net_c#\Operadores_Aritmeticos\Operadores_Aritmeticos.csproj", "{72E521CA-05F3-465B-809E-FB398059FDF1}"
EndProject
Project("{9A19103F-16F7-4668-BE54-9A1E7A4F7556}") = "Organização_programa", "Sintaxe_basica_.net_c#\Organização_programa\Organização_programa.csproj", "{45010C8D-B897-45F4-9D33-4A0162A3FDF6}"
EndProject
Project("{9A19103F-16F7-4668-BE54-9A1E7A4F7556}") = "Sintaxe_indentação_c#", "Sintaxe_basica_.net_c#\Sintaxe_indentação_c#\Sintaxe_indentação_c#.csproj", "{F6E0403E-9660-487F-AF68-1E654F853FEB}"
EndProject
Project("{9A19103F-16F7-4668-BE54-9A1E7A4F7556}") = "Tipos_operadores", "Sintaxe_basica_.net_c#\Tipos_operadores\Tipos_operadores.csproj", "{3A94FB3D-8D41-4CCA-8660-C1E18CC965B9}"
EndProject
Global
	GlobalSection(SolutionConfigurationPlatforms) = preSolution
		Debug|Any CPU = Debug|Any CPU
		Release|Any CPU = Release|Any CPU
	EndGlobalSection
	GlobalSection(ProjectConfigurationPlatforms) = postSolution
		{5FF11637-0AA4-47E7-B80F-7579CDACF127}.Debug|Any CPU.ActiveCfg = Debug|Any CPU
		{5FF11637-0AA4-47E7-B80F-7579CDACF127}.Debug|Any CPU.Build.0 = Debug|Any CPU
		{5FF11637-0AA4-47E7-B80F-7579CDACF127}.Release|Any CPU.ActiveCfg = Release|Any CPU
		{5FF11637-0AA4-47E7-B80F-7579CDACF127}.Release|Any CPU.Build.0 = Release|Any CPU
		{72E521CA-05F3-465B-809E-FB398059FDF1}.Debug|Any CPU.ActiveCfg = Debug|Any CPU
		{72E521CA-05F3-465B-809E-FB398059FDF1}.Debug|Any CPU.Build.0 = Debug|Any CPU
		{72E521CA-05F3-465B-809E-FB398059FDF1}.Release|Any CPU.ActiveCfg = Release|Any CPU
		{72E521CA-05F3-465B-809E-FB398059FDF1}.Release|Any CPU.Build.0 = Release|Any CPU
		{45010C8D-B897-45F4-9D33-4A0162A3FDF6}.Debug|Any CPU.ActiveCfg = Debug|Any CPU
		{45010C8D-B897-45F4-9D33-4A0162A3FDF6}.Debug|Any CPU.Build.0 = Debug|Any CPU
		{45010C8D-B897-45F4-9D33-4A0162A3FDF6}.Release|Any CPU.ActiveCfg = Release|Any CPU
		{45010C8D-B897-45F4-9D33-4A0162A3FDF6}.Release|Any CPU.Build.0 = Release|Any CPU
		{F6E0403E-9660-487F-AF68-1E654F853FEB}.Debug|Any CPU.ActiveCfg = Debug|Any CPU
		{F6E0403E-9660-487F-AF68-1E654F853FEB}.Debug|Any CPU.Build.0 = Debug|Any CPU
		{F6E0403E-9660-487F-AF68-1E654F853FEB}.Release|Any CPU.ActiveCfg = Release|Any CPU
		{F6E0403E-9660-487F-AF68-1E654F853FEB}.Release|Any CPU.Build.0 = Release|Any CPU
		{3A94FB3D-8D41-4CCA-8660-C1E18CC965B9}.Debug|Any CPU.ActiveCfg = Debug|Any CPU
		{3A94FB3D-8D41-4CCA-8660-C1E18CC965B9}.Debug|Any CPU.Build.0 = Debug|Any CPU
		{3A94FB3D-8D41-4CCA-8660-C1E18CC965B9}.Release|Any CPU.ActiveCfg = Release|Any CPU
		{3A94FB3D-8D41-4CCA-8660-C1E18CC965B9}.Release|Any CPU.Build.0 = Release|Any CPU
	EndGlobalSection
	GlobalSection(SolutionProperties) = preSolution
		HideSolutionNode = FALSE
	EndGlobalSection
	GlobalSection(NestedProjects) = preSolution
		{5FF11637-0AA4-47E7-B80F-7579CDACF127} = {689B1A88-BC03-42D6-84B3-ED58D16EE3CE}
		{72E521CA-05F3-465B-809E-FB398059FDF1} = {689B1A88-BC03-42D6-84B3-ED58D16EE3CE}
		{45010C8D-B897-45F4-9D33-4A0162A3FDF6} = {689B1A88-BC03-42D6-84B3-ED58D16EE3CE}
		{F6E0403E-9660-487F-AF68-1E654F853FEB} = {689B1A88-BC03-42D6-84B3-ED58D16EE3CE}
		{3A94FB3D-8D41-4CCA-8660-C1E18CC965B9} = {689B1A88-BC03-42D6-84B3-ED58D16EE3CE}
	EndGlobalSection
	GlobalSection(ExtensibilityGlobals) = postSolution
		SolutionGuid = {2B36EE27-F5BD-4568-8D11-D0C0AF8A58B4}
	EndGlobalSection
EndGlobal
