
Microsoft Visual Studio Solution File, Format Version 12.00
# Visual Studio Version 17
VisualStudioVersion = 17.5.002.0
MinimumVisualStudioVersion = 10.0.40219.1
Project("{9A19103F-16F7-4668-BE54-9A1E7A4F7556}") = "Nuget_serializar_atributos", "Nuget_serializar_atributos.csproj", "{AD9B8BA0-799E-4026-B1F9-B805671BF490}"
EndProject
Global
	GlobalSection(SolutionConfigurationPlatforms) = preSolution
		Debug|Any CPU = Debug|Any CPU
		Release|Any CPU = Release|Any CPU
	EndGlobalSection
	GlobalSection(ProjectConfigurationPlatforms) = postSolution
		{AD9B8BA0-799E-4026-B1F9-B805671BF490}.Debug|Any CPU.ActiveCfg = Debug|Any CPU
		{AD9B8BA0-799E-4026-B1F9-B805671BF490}.Debug|Any CPU.Build.0 = Debug|Any CPU
		{AD9B8BA0-799E-4026-B1F9-B805671BF490}.Release|Any CPU.ActiveCfg = Release|Any CPU
		{AD9B8BA0-799E-4026-B1F9-B805671BF490}.Release|Any CPU.Build.0 = Release|Any CPU
	EndGlobalSection
	GlobalSection(SolutionProperties) = preSolution
		HideSolutionNode = FALSE
	EndGlobalSection
	GlobalSection(ExtensibilityGlobals) = postSolution
		SolutionGuid = {2EE10513-3489-4864-8EDE-09F08FF22F3B}
	EndGlobalSection
EndGlobal
